// !$*UTF8*$!
{
	archiveVersion = 1;
	classes = {
	};
	objectVersion = 77;
	objects = {

/* Begin PBXBuildFile section */
		F19AC6B52EA648CE0033E551 /* WidgetKit.framework in Frameworks */ = {isa = PBXBuildFile; fileRef = F19AC6B42EA648CE0033E551 /* WidgetKit.framework */; };
		F19AC6B72EA648CE0033E551 /* SwiftUI.framework in Frameworks */ = {isa = PBXBuildFile; fileRef = F19AC6B62EA648CE0033E551 /* SwiftUI.framework */; };
		F19AC6C62EA648D00033E551 /* WeekWidgetExtension.appex in Embed Foundation Extensions */ = {isa = PBXBuildFile; fileRef = F19AC6B22EA648CE0033E551 /* WeekWidgetExtension.appex */; settings = {ATTRIBUTES = (RemoveHeadersOnCopy, ); }; };
/* End PBXBuildFile section */

/* Begin PBXContainerItemProxy section */
		F19AC6C42EA648D00033E551 /* PBXContainerItemProxy */ = {
			isa = PBXContainerItemProxy;
			containerPortal = F19AC6982EA645C70033E551 /* Project object */;
			proxyType = 1;
			remoteGlobalIDString = F19AC6B12EA648CE0033E551;
			remoteInfo = WeekWidgetExtension;
		};
/* End PBXContainerItemProxy section */

/* Begin PBXCopyFilesBuildPhase section */
		F19AC6CB2EA648D00033E551 /* Embed Foundation Extensions */ = {
			isa = PBXCopyFilesBuildPhase;
			buildActionMask = 2147483647;
			dstPath = "";
			dstSubfolderSpec = 13;
			files = (
				F19AC6C62EA648D00033E551 /* WeekWidgetExtension.appex in Embed Foundation Extensions */,
			);
			name = "Embed Foundation Extensions";
			runOnlyForDeploymentPostprocessing = 0;
		};
/* End PBXCopyFilesBuildPhase section */

/* Begin PBXFileReference section */
		F19AC6A02EA645C70033E551 /* Week.app */ = {isa = PBXFileReference; explicitFileType = wrapper.application; includeInIndex = 0; path = Week.app; sourceTree = BUILT_PRODUCTS_DIR; };
		F19AC6B22EA648CE0033E551 /* WeekWidgetExtension.appex */ = {isa = PBXFileReference; explicitFileType = "wrapper.app-extension"; includeInIndex = 0; path = WeekWidgetExtension.appex; sourceTree = BUILT_PRODUCTS_DIR; };
		F19AC6B42EA648CE0033E551 /* WidgetKit.framework */ = {isa = PBXFileReference; lastKnownFileType = wrapper.framework; name = WidgetKit.framework; path = System/Library/Frameworks/WidgetKit.framework; sourceTree = SDKROOT; };
		F19AC6B62EA648CE0033E551 /* SwiftUI.framework */ = {isa = PBXFileReference; lastKnownFileType = wrapper.framework; name = SwiftUI.framework; path = System/Library/Frameworks/SwiftUI.framework; sourceTree = SDKROOT; };
/* End PBXFileReference section */

/* Begin PBXFileSystemSynchronizedBuildFileExceptionSet section */
		F171F8D42EA986D6002EC2B4 /* Exceptions for "WeekWidget" folder in "Week" target */ = {
			isa = PBXFileSystemSynchronizedBuildFileExceptionSet;
			membershipExceptions = (
				Assets.xcassets,
				CalendarWeekWidget.swift,
				GaugesWeekWidget.swift,
				HybridWeekWidget.swift,
				WeekWidgetProvider.swift,
			);
			target = F19AC69F2EA645C70033E551 /* Week */;
		};
		F1991F792EAC3AF10066DF04 /* Exceptions for "Week" folder in "WeekWidgetExtension" target */ = {
			isa = PBXFileSystemSynchronizedBuildFileExceptionSet;
			membershipExceptions = (
				WeekIcon.icon,
			);
			target = F19AC6B12EA648CE0033E551 /* WeekWidgetExtension */;
		};
		F19AC6C72EA648D00033E551 /* Exceptions for "WeekWidget" folder in "WeekWidgetExtension" target */ = {
			isa = PBXFileSystemSynchronizedBuildFileExceptionSet;
			membershipExceptions = (
				Info.plist,
			);
			target = F19AC6B12EA648CE0033E551 /* WeekWidgetExtension */;
		};
/* End PBXFileSystemSynchronizedBuildFileExceptionSet section */

/* Begin PBXFileSystemSynchronizedRootGroup section */
		F19AC6A22EA645C70033E551 /* Week */ = {
			isa = PBXFileSystemSynchronizedRootGroup;
			exceptions = (
				F1991F792EAC3AF10066DF04 /* Exceptions for "Week" folder in "WeekWidgetExtension" target */,
			);
			path = Week;
			sourceTree = "<group>";
		};
		F19AC6B82EA648CE0033E551 /* WeekWidget */ = {
			isa = PBXFileSystemSynchronizedRootGroup;
			exceptions = (
				F171F8D42EA986D6002EC2B4 /* Exceptions for "WeekWidget" folder in "Week" target */,
				F19AC6C72EA648D00033E551 /* Exceptions for "WeekWidget" folder in "WeekWidgetExtension" target */,
			);
			path = WeekWidget;
			sourceTree = "<group>";
		};
/* End PBXFileSystemSynchronizedRootGroup section */

/* Begin PBXFrameworksBuildPhase section */
		F19AC69D2EA645C70033E551 /* Frameworks */ = {
			isa = PBXFrameworksBuildPhase;
			buildActionMask = 2147483647;
			files = (
			);
			runOnlyForDeploymentPostprocessing = 0;
		};
		F19AC6AF2EA648CE0033E551 /* Frameworks */ = {
			isa = PBXFrameworksBuildPhase;
			buildActionMask = 2147483647;
			files = (
				F19AC6B72EA648CE0033E551 /* SwiftUI.framework in Frameworks */,
				F19AC6B52EA648CE0033E551 /* WidgetKit.framework in Frameworks */,
			);
			runOnlyForDeploymentPostprocessing = 0;
		};
/* End PBXFrameworksBuildPhase section */

/* Begin PBXGroup section */
		F19AC6972EA645C70033E551 = {
			isa = PBXGroup;
			children = (
				F19AC6A22EA645C70033E551 /* Week */,
				F19AC6B82EA648CE0033E551 /* WeekWidget */,
				F19AC6B32EA648CE0033E551 /* Frameworks */,
				F19AC6A12EA645C70033E551 /* Products */,
			);
			sourceTree = "<group>";
		};
		F19AC6A12EA645C70033E551 /* Products */ = {
			isa = PBXGroup;
			children = (
				F19AC6A02EA645C70033E551 /* Week.app */,
				F19AC6B22EA648CE0033E551 /* WeekWidgetExtension.appex */,
			);
			name = Products;
			sourceTree = "<group>";
		};
		F19AC6B32EA648CE0033E551 /* Frameworks */ = {
			isa = PBXGroup;
			children = (
				F19AC6B42EA648CE0033E551 /* WidgetKit.framework */,
				F19AC6B62EA648CE0033E551 /* SwiftUI.framework */,
			);
			name = Frameworks;
			sourceTree = "<group>";
		};
/* End PBXGroup section */

/* Begin PBXNativeTarget section */
		F19AC69F2EA645C70033E551 /* Week */ = {
			isa = PBXNativeTarget;
			buildConfigurationList = F19AC6AB2EA645C90033E551 /* Build configuration list for PBXNativeTarget "Week" */;
			buildPhases = (
				F19AC69C2EA645C70033E551 /* Sources */,
				F19AC69D2EA645C70033E551 /* Frameworks */,
				F19AC69E2EA645C70033E551 /* Resources */,
				F19AC6CB2EA648D00033E551 /* Embed Foundation Extensions */,
			);
			buildRules = (
			);
			dependencies = (
				F19AC6C52EA648D00033E551 /* PBXTargetDependency */,
			);
			fileSystemSynchronizedGroups = (
				F19AC6A22EA645C70033E551 /* Week */,
			);
			name = Week;
			packageProductDependencies = (
			);
			productName = Week;
			productReference = F19AC6A02EA645C70033E551 /* Week.app */;
			productType = "com.apple.product-type.application";
		};
		F19AC6B12EA648CE0033E551 /* WeekWidgetExtension */ = {
			isa = PBXNativeTarget;
			buildConfigurationList = F19AC6C82EA648D00033E551 /* Build configuration list for PBXNativeTarget "WeekWidgetExtension" */;
			buildPhases = (
				F19AC6AE2EA648CE0033E551 /* Sources */,
				F19AC6AF2EA648CE0033E551 /* Frameworks */,
				F19AC6B02EA648CE0033E551 /* Resources */,
			);
			buildRules = (
			);
			dependencies = (
			);
			fileSystemSynchronizedGroups = (
				F19AC6B82EA648CE0033E551 /* WeekWidget */,
			);
			name = WeekWidgetExtension;
			packageProductDependencies = (
			);
			productName = WeekWidgetExtension;
			productReference = F19AC6B22EA648CE0033E551 /* WeekWidgetExtension.appex */;
			productType = "com.apple.product-type.app-extension";
		};
/* End PBXNativeTarget section */

/* Begin PBXProject section */
		F19AC6982EA645C70033E551 /* Project object */ = {
			isa = PBXProject;
			attributes = {
				BuildIndependentTargetsInParallel = 1;
				LastSwiftUpdateCheck = 2600;
				LastUpgradeCheck = 2600;
				TargetAttributes = {
					F19AC69F2EA645C70033E551 = {
						CreatedOnToolsVersion = 26.0.1;
					};
					F19AC6B12EA648CE0033E551 = {
						CreatedOnToolsVersion = 26.0.1;
					};
				};
			};
			buildConfigurationList = F19AC69B2EA645C70033E551 /* Build configuration list for PBXProject "Week" */;
			developmentRegion = en;
			hasScannedForEncodings = 0;
			knownRegions = (
				en,
				Base,
			);
			mainGroup = F19AC6972EA645C70033E551;
			minimizedProjectReferenceProxies = 1;
			preferredProjectObjectVersion = 77;
			productRefGroup = F19AC6A12EA645C70033E551 /* Products */;
			projectDirPath = "";
			projectRoot = "";
			targets = (
				F19AC69F2EA645C70033E551 /* Week */,
				F19AC6B12EA648CE0033E551 /* WeekWidgetExtension */,
			);
		};
/* End PBXProject section */

/* Begin PBXResourcesBuildPhase section */
		F19AC69E2EA645C70033E551 /* Resources */ = {
			isa = PBXResourcesBuildPhase;
			buildActionMask = 2147483647;
			files = (
			);
			runOnlyForDeploymentPostprocessing = 0;
		};
		F19AC6B02EA648CE0033E551 /* Resources */ = {
			isa = PBXResourcesBuildPhase;
			buildActionMask = 2147483647;
			files = (
			);
			runOnlyForDeploymentPostprocessing = 0;
		};
/* End PBXResourcesBuildPhase section */

/* Begin PBXSourcesBuildPhase section */
		F19AC69C2EA645C70033E551 /* Sources */ = {
			isa = PBXSourcesBuildPhase;
			buildActionMask = 2147483647;
			files = (
			);
			runOnlyForDeploymentPostprocessing = 0;
		};
		F19AC6AE2EA648CE0033E551 /* Sources */ = {
			isa = PBXSourcesBuildPhase;
			buildActionMask = 2147483647;
			files = (
			);
			runOnlyForDeploymentPostprocessing = 0;
		};
/* End PBXSourcesBuildPhase section */

/* Begin PBXTargetDependency section */
		F19AC6C52EA648D00033E551 /* PBXTargetDependency */ = {
			isa = PBXTargetDependency;
			target = F19AC6B12EA648CE0033E551 /* WeekWidgetExtension */;
			targetProxy = F19AC6C42EA648D00033E551 /* PBXContainerItemProxy */;
		};
/* End PBXTargetDependency section */

/* Begin XCBuildConfiguration section */
		F19AC6A92EA645C90033E551 /* Debug */ = {
			isa = XCBuildConfiguration;
			buildSettings = {
				ALWAYS_SEARCH_USER_PATHS = NO;
				ASSETCATALOG_COMPILER_GENERATE_SWIFT_ASSET_SYMBOL_EXTENSIONS = YES;
				CLANG_ANALYZER_NONNULL = YES;
				CLANG_ANALYZER_NUMBER_OBJECT_CONVERSION = YES_AGGRESSIVE;
				CLANG_CXX_LANGUAGE_STANDARD = "gnu++20";
				CLANG_ENABLE_MODULES = YES;
				CLANG_ENABLE_OBJC_ARC = YES;
				CLANG_ENABLE_OBJC_WEAK = YES;
				CLANG_WARN_BLOCK_CAPTURE_AUTORELEASING = YES;
				CLANG_WARN_BOOL_CONVERSION = YES;
				CLANG_WARN_COMMA = YES;
				CLANG_WARN_CONSTANT_CONVERSION = YES;
				CLANG_WARN_DEPRECATED_OBJC_IMPLEMENTATIONS = YES;
				CLANG_WARN_DIRECT_OBJC_ISA_USAGE = YES_ERROR;
				CLANG_WARN_DOCUMENTATION_COMMENTS = YES;
				CLANG_WARN_EMPTY_BODY = YES;
				CLANG_WARN_ENUM_CONVERSION = YES;
				CLANG_WARN_INFINITE_RECURSION = YES;
				CLANG_WARN_INT_CONVERSION = YES;
				CLANG_WARN_NON_LITERAL_NULL_CONVERSION = YES;
				CLANG_WARN_OBJC_IMPLICIT_RETAIN_SELF = YES;
				CLANG_WARN_OBJC_LITERAL_CONVERSION = YES;
				CLANG_WARN_OBJC_ROOT_CLASS = YES_ERROR;
				CLANG_WARN_QUOTED_INCLUDE_IN_FRAMEWORK_HEADER = YES;
				CLANG_WARN_RANGE_LOOP_ANALYSIS = YES;
				CLANG_WARN_STRICT_PROTOTYPES = YES;
				CLANG_WARN_SUSPICIOUS_MOVE = YES;
				CLANG_WARN_UNGUARDED_AVAILABILITY = YES_AGGRESSIVE;
				CLANG_WARN_UNREACHABLE_CODE = YES;
				CLANG_WARN__DUPLICATE_METHOD_MATCH = YES;
				COPY_PHASE_STRIP = NO;
				DEBUG_INFORMATION_FORMAT = dwarf;
				DEVELOPMENT_TEAM = F6HFAVTS49;
				ENABLE_STRICT_OBJC_MSGSEND = YES;
				ENABLE_TESTABILITY = YES;
				ENABLE_USER_SCRIPT_SANDBOXING = YES;
				GCC_C_LANGUAGE_STANDARD = gnu17;
				GCC_DYNAMIC_NO_PIC = NO;
				GCC_NO_COMMON_BLOCKS = YES;
				GCC_OPTIMIZATION_LEVEL = 0;
				GCC_PREPROCESSOR_DEFINITIONS = (
					"DEBUG=1",
					"$(inherited)",
				);
				GCC_WARN_64_TO_32_BIT_CONVERSION = YES;
				GCC_WARN_ABOUT_RETURN_TYPE = YES_ERROR;
				GCC_WARN_UNDECLARED_SELECTOR = YES;
				GCC_WARN_UNINITIALIZED_AUTOS = YES_AGGRESSIVE;
				GCC_WARN_UNUSED_FUNCTION = YES;
				GCC_WARN_UNUSED_VARIABLE = YES;
				LOCALIZATION_PREFERS_STRING_CATALOGS = YES;
				MACOSX_DEPLOYMENT_TARGET = 26.0;
				MTL_ENABLE_DEBUG_INFO = INCLUDE_SOURCE;
				MTL_FAST_MATH = YES;
				ONLY_ACTIVE_ARCH = YES;
				SDKROOT = macosx;
				SWIFT_ACTIVE_COMPILATION_CONDITIONS = "DEBUG $(inherited)";
				SWIFT_OPTIMIZATION_LEVEL = "-Onone";
			};
			name = Debug;
		};
		F19AC6AA2EA645C90033E551 /* Release */ = {
			isa = XCBuildConfiguration;
			buildSettings = {
				ALWAYS_SEARCH_USER_PATHS = NO;
				ASSETCATALOG_COMPILER_GENERATE_SWIFT_ASSET_SYMBOL_EXTENSIONS = YES;
				CLANG_ANALYZER_NONNULL = YES;
				CLANG_ANALYZER_NUMBER_OBJECT_CONVERSION = YES_AGGRESSIVE;
				CLANG_CXX_LANGUAGE_STANDARD = "gnu++20";
				CLANG_ENABLE_MODULES = YES;
				CLANG_ENABLE_OBJC_ARC = YES;
				CLANG_ENABLE_OBJC_WEAK = YES;
				CLANG_WARN_BLOCK_CAPTURE_AUTORELEASING = YES;
				CLANG_WARN_BOOL_CONVERSION = YES;
				CLANG_WARN_COMMA = YES;
				CLANG_WARN_CONSTANT_CONVERSION = YES;
				CLANG_WARN_DEPRECATED_OBJC_IMPLEMENTATIONS = YES;
				CLANG_WARN_DIRECT_OBJC_ISA_USAGE = YES_ERROR;
				CLANG_WARN_DOCUMENTATION_COMMENTS = YES;
				CLANG_WARN_EMPTY_BODY = YES;
				CLANG_WARN_ENUM_CONVERSION = YES;
				CLANG_WARN_INFINITE_RECURSION = YES;
				CLANG_WARN_INT_CONVERSION = YES;
				CLANG_WARN_NON_LITERAL_NULL_CONVERSION = YES;
				CLANG_WARN_OBJC_IMPLICIT_RETAIN_SELF = YES;
				CLANG_WARN_OBJC_LITERAL_CONVERSION = YES;
				CLANG_WARN_OBJC_ROOT_CLASS = YES_ERROR;
				CLANG_WARN_QUOTED_INCLUDE_IN_FRAMEWORK_HEADER = YES;
				CLANG_WARN_RANGE_LOOP_ANALYSIS = YES;
				CLANG_WARN_STRICT_PROTOTYPES = YES;
				CLANG_WARN_SUSPICIOUS_MOVE = YES;
				CLANG_WARN_UNGUARDED_AVAILABILITY = YES_AGGRESSIVE;
				CLANG_WARN_UNREACHABLE_CODE = YES;
				CLANG_WARN__DUPLICATE_METHOD_MATCH = YES;
				COPY_PHASE_STRIP = NO;
				DEBUG_INFORMATION_FORMAT = "dwarf-with-dsym";
				DEVELOPMENT_TEAM = F6HFAVTS49;
				ENABLE_NS_ASSERTIONS = NO;
				ENABLE_STRICT_OBJC_MSGSEND = YES;
				ENABLE_USER_SCRIPT_SANDBOXING = YES;
				GCC_C_LANGUAGE_STANDARD = gnu17;
				GCC_NO_COMMON_BLOCKS = YES;
				GCC_WARN_64_TO_32_BIT_CONVERSION = YES;
				GCC_WARN_ABOUT_RETURN_TYPE = YES_ERROR;
				GCC_WARN_UNDECLARED_SELECTOR = YES;
				GCC_WARN_UNINITIALIZED_AUTOS = YES_AGGRESSIVE;
				GCC_WARN_UNUSED_FUNCTION = YES;
				GCC_WARN_UNUSED_VARIABLE = YES;
				LOCALIZATION_PREFERS_STRING_CATALOGS = YES;
				MACOSX_DEPLOYMENT_TARGET = 26.0;
				MTL_ENABLE_DEBUG_INFO = NO;
				MTL_FAST_MATH = YES;
				SDKROOT = macosx;
				SWIFT_COMPILATION_MODE = wholemodule;
			};
			name = Release;
		};
		F19AC6AC2EA645C90033E551 /* Debug */ = {
			isa = XCBuildConfiguration;
			buildSettings = {
				ASSETCATALOG_COMPILER_APPICON_NAME = WeekIcon;
				ASSETCATALOG_COMPILER_GLOBAL_ACCENT_COLOR_NAME = AccentColor;
				CODE_SIGN_STYLE = Automatic;
				COMBINE_HIDPI_IMAGES = YES;
				CURRENT_PROJECT_VERSION = 7;
				DEVELOPMENT_TEAM = F6HFAVTS49;
				ENABLE_APP_SANDBOX = YES;
				ENABLE_HARDENED_RUNTIME = YES;
				ENABLE_PREVIEWS = YES;
				ENABLE_USER_SELECTED_FILES = readonly;
				GENERATE_INFOPLIST_FILE = YES;
				INFOPLIST_KEY_CFBundleDisplayName = "Week Number";
				INFOPLIST_KEY_LSApplicationCategoryType = "public.app-category.productivity";
				INFOPLIST_KEY_NSHumanReadableCopyright = "";
				LD_RUNPATH_SEARCH_PATHS = (
					"$(inherited)",
					"@executable_path/../Frameworks",
				);
				MACOSX_DEPLOYMENT_TARGET = 14.6;
				MARKETING_VERSION = 1.3;
				PRODUCT_BUNDLE_IDENTIFIER = studio.cuatro.Week;
				PRODUCT_NAME = "$(TARGET_NAME)";
				REGISTER_APP_GROUPS = YES;
				STRING_CATALOG_GENERATE_SYMBOLS = YES;
				SWIFT_APPROACHABLE_CONCURRENCY = YES;
				SWIFT_DEFAULT_ACTOR_ISOLATION = MainActor;
				SWIFT_EMIT_LOC_STRINGS = YES;
				SWIFT_UPCOMING_FEATURE_MEMBER_IMPORT_VISIBILITY = YES;
				SWIFT_VERSION = 5.0;
			};
			name = Debug;
		};
		F19AC6AD2EA645C90033E551 /* Release */ = {
			isa = XCBuildConfiguration;
			buildSettings = {
				ASSETCATALOG_COMPILER_APPICON_NAME = WeekIcon;
				ASSETCATALOG_COMPILER_GLOBAL_ACCENT_COLOR_NAME = AccentColor;
				CODE_SIGN_STYLE = Automatic;
				COMBINE_HIDPI_IMAGES = YES;
				CURRENT_PROJECT_VERSION = 7;
				DEVELOPMENT_TEAM = F6HFAVTS49;
				ENABLE_APP_SANDBOX = YES;
				ENABLE_HARDENED_RUNTIME = YES;
				ENABLE_PREVIEWS = YES;
				ENABLE_USER_SELECTED_FILES = readonly;
				GENERATE_INFOPLIST_FILE = YES;
				INFOPLIST_KEY_CFBundleDisplayName = "Week Number";
				INFOPLIST_KEY_LSApplicationCategoryType = "public.app-category.productivity";
				INFOPLIST_KEY_NSHumanReadableCopyright = "";
				LD_RUNPATH_SEARCH_PATHS = (
					"$(inherited)",
					"@executable_path/../Frameworks",
				);
				MACOSX_DEPLOYMENT_TARGET = 14.6;
				MARKETING_VERSION = 1.3;
				PRODUCT_BUNDLE_IDENTIFIER = studio.cuatro.Week;
				PRODUCT_NAME = "$(TARGET_NAME)";
				REGISTER_APP_GROUPS = YES;
				STRING_CATALOG_GENERATE_SYMBOLS = YES;
				SWIFT_APPROACHABLE_CONCURRENCY = YES;
				SWIFT_DEFAULT_ACTOR_ISOLATION = MainActor;
				SWIFT_EMIT_LOC_STRINGS = YES;
				SWIFT_UPCOMING_FEATURE_MEMBER_IMPORT_VISIBILITY = YES;
				SWIFT_VERSION = 5.0;
			};
			name = Release;
		};
		F19AC6C92EA648D00033E551 /* Debug */ = {
			isa = XCBuildConfiguration;
			buildSettings = {
				ASSETCATALOG_COMPILER_GLOBAL_ACCENT_COLOR_NAME = AccentColor;
				ASSETCATALOG_COMPILER_WIDGET_BACKGROUND_COLOR_NAME = WidgetBackground;
				CODE_SIGN_STYLE = Automatic;
				CURRENT_PROJECT_VERSION = 4;
				DEVELOPMENT_TEAM = F6HFAVTS49;
				ENABLE_APP_SANDBOX = YES;
				ENABLE_HARDENED_RUNTIME = YES;
				GENERATE_INFOPLIST_FILE = YES;
				INFOPLIST_FILE = WeekWidget/Info.plist;
				INFOPLIST_KEY_CFBundleDisplayName = "Week Number Widgets";
				INFOPLIST_KEY_NSHumanReadableCopyright = "";
				LD_RUNPATH_SEARCH_PATHS = (
					"$(inherited)",
					"@executable_path/../Frameworks",
					"@executable_path/../../../../Frameworks",
				);
				MACOSX_DEPLOYMENT_TARGET = 14.6;
				MARKETING_VERSION = 1.0;
				PRODUCT_BUNDLE_IDENTIFIER = studio.cuatro.Week.WeekWidget;
				PRODUCT_NAME = "$(TARGET_NAME)";
				SKIP_INSTALL = YES;
				STRING_CATALOG_GENERATE_SYMBOLS = YES;
				SWIFT_APPROACHABLE_CONCURRENCY = YES;
				SWIFT_EMIT_LOC_STRINGS = YES;
				SWIFT_UPCOMING_FEATURE_MEMBER_IMPORT_VISIBILITY = YES;
				SWIFT_VERSION = 5.0;
			};
			name = Debug;
		};
		F19AC6CA2EA648D00033E551 /* Release */ = {
			isa = XCBuildConfiguration;
			buildSettings = {
				ASSETCATALOG_COMPILER_GLOBAL_ACCENT_COLOR_NAME = AccentColor;
				ASSETCATALOG_COMPILER_WIDGET_BACKGROUND_COLOR_NAME = WidgetBackground;
				CODE_SIGN_STYLE = Automatic;
				CURRENT_PROJECT_VERSION = 4;
				DEVELOPMENT_TEAM = F6HFAVTS49;
				ENABLE_APP_SANDBOX = YES;
				ENABLE_HARDENED_RUNTIME = YES;
				GENERATE_INFOPLIST_FILE = YES;
				INFOPLIST_FILE = WeekWidget/Info.plist;
				INFOPLIST_KEY_CFBundleDisplayName = "Week Number Widgets";
				INFOPLIST_KEY_NSHumanReadableCopyright = "";
				LD_RUNPATH_SEARCH_PATHS = (
					"$(inherited)",
					"@executable_path/../Frameworks",
					"@executable_path/../../../../Frameworks",
				);
				MACOSX_DEPLOYMENT_TARGET = 14.6;
				MARKETING_VERSION = 1.0;
				PRODUCT_BUNDLE_IDENTIFIER = studio.cuatro.Week.WeekWidget;
				PRODUCT_NAME = "$(TARGET_NAME)";
				SKIP_INSTALL = YES;
				STRING_CATALOG_GENERATE_SYMBOLS = YES;
				SWIFT_APPROACHABLE_CONCURRENCY = YES;
				SWIFT_EMIT_LOC_STRINGS = YES;
				SWIFT_UPCOMING_FEATURE_MEMBER_IMPORT_VISIBILITY = YES;
				SWIFT_VERSION = 5.0;
			};
			name = Release;
		};
/* End XCBuildConfiguration section */

/* Begin XCConfigurationList section */
		F19AC69B2EA645C70033E551 /* Build configuration list for PBXProject "Week" */ = {
			isa = XCConfigurationList;
			buildConfigurations = (
				F19AC6A92EA645C90033E551 /* Debug */,
				F19AC6AA2EA645C90033E551 /* Release */,
			);
			defaultConfigurationIsVisible = 0;
			defaultConfigurationName = Release;
		};
		F19AC6AB2EA645C90033E551 /* Build configuration list for PBXNativeTarget "Week" */ = {
			isa = XCConfigurationList;
			buildConfigurations = (
				F19AC6AC2EA645C90033E551 /* Debug */,
				F19AC6AD2EA645C90033E551 /* Release */,
			);
			defaultConfigurationIsVisible = 0;
			defaultConfigurationName = Release;
		};
		F19AC6C82EA648D00033E551 /* Build configuration list for PBXNativeTarget "WeekWidgetExtension" */ = {
			isa = XCConfigurationList;
			buildConfigurations = (
				F19AC6C92EA648D00033E551 /* Debug */,
				F19AC6CA2EA648D00033E551 /* Release */,
			);
			defaultConfigurationIsVisible = 0;
			defaultConfigurationName = Release;
		};
/* End XCConfigurationList section */
	};
	rootObject = F19AC6982EA645C70033E551 /* Project object */;
}
